
Microsoft Visual Studio Solution File, Format Version 12.00
# Visual Studio Version 16
VisualStudioVersion = 16.0.30406.217
MinimumVisualStudioVersion = 10.0.40219.1
Project("{FAE04EC0-301F-11D3-BF4B-00C04F79EFBC}") = "AplikasiInputDataMahasiswa", "AplikasiInputDataMahasiswa\AplikasiInputDataMahasiswa.csproj", "{AF5A60F8-5AC5-419D-B17A-0F78B132613A}"
EndProject
Global
	GlobalSection(SolutionConfigurationPlatforms) = preSolution
		Debug|Any CPU = Debug|Any CPU
		Release|Any CPU = Release|Any CPU
	EndGlobalSection
	GlobalSection(ProjectConfigurationPlatforms) = postSolution
		{AF5A60F8-5AC5-419D-B17A-0F78B132613A}.Debug|Any CPU.ActiveCfg = Debug|Any CPU
		{AF5A60F8-5AC5-419D-B17A-0F78B132613A}.Debug|Any CPU.Build.0 = Debug|Any CPU
		{AF5A60F8-5AC5-419D-B17A-0F78B132613A}.Release|Any CPU.ActiveCfg = Release|Any CPU
		{AF5A60F8-5AC5-419D-B17A-0F78B132613A}.Release|Any CPU.Build.0 = Release|Any CPU
	EndGlobalSection
	GlobalSection(SolutionProperties) = preSolution
		HideSolutionNode = FALSE
	EndGlobalSection
	GlobalSection(ExtensibilityGlobals) = postSolution
		SolutionGuid = {2D25001E-0B45-4C06-A385-1EE6E6E5BB40}
	EndGlobalSection
EndGlobal
